
Microsoft Visual Studio Solution File, Format Version 12.00
# Visual Studio Version 18
VisualStudioVersion = 18.5.11716.220
MinimumVisualStudioVersion = 10.0.40219.1
Project("{2150E333-8FDC-42A3-9474-1A3956D46DE8}") = "src", "src", "{827E0CD3-B72D-47B6-A68D-7590B98EB39B}"
EndProject
Project("{2150E333-8FDC-42A3-9474-1A3956D46DE8}") = "Shared", "Shared", "{C8E42992-5E42-0C2B-DBFE-AA848D06431C}"
EndProject
Project("{FAE04EC0-301F-11D3-BF4B-00C04F79EFBC}") = "B2B.Shared.Core", "src\Shared\B2B.Shared.Core\B2B.Shared.Core.csproj", "{CDDE189D-C4F6-4E33-92F0-299FC9E6683A}"
EndProject
Project("{FAE04EC0-301F-11D3-BF4B-00C04F79EFBC}") = "B2B.Shared.Infrastructure", "src\Shared\B2B.Shared.Infrastructure\B2B.Shared.Infrastructure.csproj", "{B2E99E74-5562-4462-A707-2815C8FBFBDF}"
EndProject
Project("{FAE04EC0-301F-11D3-BF4B-00C04F79EFBC}") = "B2B.Gateway", "src\Gateway\B2B.Gateway\B2B.Gateway.csproj", "{E1150768-4383-4752-9492-D155729C0B4E}"
EndProject
Project("{FAE04EC0-301F-11D3-BF4B-00C04F79EFBC}") = "B2B.Identity.Domain", "src\Services\Identity\B2B.Identity.Domain\B2B.Identity.Domain.csproj", "{263A541B-E3CB-4474-96FC-678254CCB48B}"
EndProject
Project("{FAE04EC0-301F-11D3-BF4B-00C04F79EFBC}") = "B2B.Identity.Application", "src\Services\Identity\B2B.Identity.Application\B2B.Identity.Application.csproj", "{D2A99A66-1434-4BCA-B9E7-468FE06B2B91}"
EndProject
Project("{FAE04EC0-301F-11D3-BF4B-00C04F79EFBC}") = "B2B.Identity.Infrastructure", "src\Services\Identity\B2B.Identity.Infrastructure\B2B.Identity.Infrastructure.csproj", "{FEC8576D-7D43-4BBC-AED0-1C86DF6C6346}"
EndProject
Project("{FAE04EC0-301F-11D3-BF4B-00C04F79EFBC}") = "B2B.Identity.Api", "src\Services\Identity\B2B.Identity.Api\B2B.Identity.Api.csproj", "{D7C85EA7-429B-4F7C-94C1-56BEC351947A}"
EndProject
Project("{FAE04EC0-301F-11D3-BF4B-00C04F79EFBC}") = "B2B.Product.Domain", "src\Services\Product\B2B.Product.Domain\B2B.Product.Domain.csproj", "{18C4D3AA-A860-493C-B28D-9248E1597AB2}"
EndProject
Project("{FAE04EC0-301F-11D3-BF4B-00C04F79EFBC}") = "B2B.Product.Application", "src\Services\Product\B2B.Product.Application\B2B.Product.Application.csproj", "{AE3A6296-9971-4E03-B7B7-EB91789CC352}"
EndProject
Project("{FAE04EC0-301F-11D3-BF4B-00C04F79EFBC}") = "B2B.Product.Infrastructure", "src\Services\Product\B2B.Product.Infrastructure\B2B.Product.Infrastructure.csproj", "{49B2D540-C3A3-4688-9048-DD3DC83DC9C5}"
EndProject
Project("{FAE04EC0-301F-11D3-BF4B-00C04F79EFBC}") = "B2B.Product.Api", "src\Services\Product\B2B.Product.Api\B2B.Product.Api.csproj", "{3F12EFE8-9503-4CA0-AEA6-373CD1FDC119}"
EndProject
Project("{FAE04EC0-301F-11D3-BF4B-00C04F79EFBC}") = "B2B.Order.Domain", "src\Services\Order\B2B.Order.Domain\B2B.Order.Domain.csproj", "{7C9E75A7-BAB2-45F5-A528-DD9669704D42}"
EndProject
Project("{FAE04EC0-301F-11D3-BF4B-00C04F79EFBC}") = "B2B.Order.Application", "src\Services\Order\B2B.Order.Application\B2B.Order.Application.csproj", "{910763C2-7E1D-47E2-A470-B8768CCD854F}"
EndProject
Project("{FAE04EC0-301F-11D3-BF4B-00C04F79EFBC}") = "B2B.Order.Infrastructure", "src\Services\Order\B2B.Order.Infrastructure\B2B.Order.Infrastructure.csproj", "{47BE86F0-DCB0-4271-A4AD-C0885E9E65D3}"
EndProject
Project("{FAE04EC0-301F-11D3-BF4B-00C04F79EFBC}") = "B2B.Order.Api", "src\Services\Order\B2B.Order.Api\B2B.Order.Api.csproj", "{43D5B4CD-E61B-4FA1-AEB1-6417D68FE755}"
EndProject
Project("{FAE04EC0-301F-11D3-BF4B-00C04F79EFBC}") = "B2B.Notification.Worker", "src\Workers\B2B.Notification.Worker\B2B.Notification.Worker.csproj", "{6B699096-98A4-4B7D-BFBE-21BB862E314F}"
EndProject
Project("{FAE04EC0-301F-11D3-BF4B-00C04F79EFBC}") = "B2B.Product.Tests", "tests\B2B.Product.Tests\B2B.Product.Tests.csproj", "{40B8F56B-E196-4E1A-A7FA-440A7A6561DC}"
EndProject
Project("{FAE04EC0-301F-11D3-BF4B-00C04F79EFBC}") = "B2B.Order.Tests", "tests\B2B.Order.Tests\B2B.Order.Tests.csproj", "{3AE3E3A5-767F-43FF-8D5F-226192FD7074}"
EndProject
Project("{2150E333-8FDC-42A3-9474-1A3956D46DE8}") = "Product", "Product", "{AD538FCF-8989-4BD1-AA76-866EF03F2615}"
EndProject
Project("{2150E333-8FDC-42A3-9474-1A3956D46DE8}") = "Order", "Order", "{308EB2B4-2473-41AE-B24A-6F526247093D}"
EndProject
Project("{2150E333-8FDC-42A3-9474-1A3956D46DE8}") = "Identity", "Identity", "{A580ECCE-F5E4-4FCE-8744-0382C70357CB}"
EndProject
Project("{2150E333-8FDC-42A3-9474-1A3956D46DE8}") = "tests", "tests", "{0AB3BF05-4346-4AA6-1389-037BE0695223}"
EndProject
Project("{FAE04EC0-301F-11D3-BF4B-00C04F79EFBC}") = "B2B.Identity.Tests", "tests\B2B.Identity.Tests\B2B.Identity.Tests.csproj", "{85CAAF03-1254-4756-81B5-B836AF7784BD}"
EndProject
Project("{2150E333-8FDC-42A3-9474-1A3956D46DE8}") = "Services", "Services", "{984BB9B3-3FA3-BE33-9484-CAC21695A33C}"
EndProject
Global
	GlobalSection(SolutionConfigurationPlatforms) = preSolution
		Debug|Any CPU = Debug|Any CPU
		Debug|x64 = Debug|x64
		Debug|x86 = Debug|x86
		Release|Any CPU = Release|Any CPU
		Release|x64 = Release|x64
		Release|x86 = Release|x86
	EndGlobalSection
	GlobalSection(ProjectConfigurationPlatforms) = postSolution
		{CDDE189D-C4F6-4E33-92F0-299FC9E6683A}.Debug|Any CPU.ActiveCfg = Debug|Any CPU
		{CDDE189D-C4F6-4E33-92F0-299FC9E6683A}.Debug|Any CPU.Build.0 = Debug|Any CPU
		{CDDE189D-C4F6-4E33-92F0-299FC9E6683A}.Debug|x64.ActiveCfg = Debug|Any CPU
		{CDDE189D-C4F6-4E33-92F0-299FC9E6683A}.Debug|x64.Build.0 = Debug|Any CPU
		{CDDE189D-C4F6-4E33-92F0-299FC9E6683A}.Debug|x86.ActiveCfg = Debug|Any CPU
		{CDDE189D-C4F6-4E33-92F0-299FC9E6683A}.Debug|x86.Build.0 = Debug|Any CPU
		{CDDE189D-C4F6-4E33-92F0-299FC9E6683A}.Release|Any CPU.ActiveCfg = Release|Any CPU
		{CDDE189D-C4F6-4E33-92F0-299FC9E6683A}.Release|Any CPU.Build.0 = Release|Any CPU
		{CDDE189D-C4F6-4E33-92F0-299FC9E6683A}.Release|x64.ActiveCfg = Release|Any CPU
		{CDDE189D-C4F6-4E33-92F0-299FC9E6683A}.Release|x64.Build.0 = Release|Any CPU
		{CDDE189D-C4F6-4E33-92F0-299FC9E6683A}.Release|x86.ActiveCfg = Release|Any CPU
		{CDDE189D-C4F6-4E33-92F0-299FC9E6683A}.Release|x86.Build.0 = Release|Any CPU
		{B2E99E74-5562-4462-A707-2815C8FBFBDF}.Debug|Any CPU.ActiveCfg = Debug|Any CPU
		{B2E99E74-5562-4462-A707-2815C8FBFBDF}.Debug|Any CPU.Build.0 = Debug|Any CPU
		{B2E99E74-5562-4462-A707-2815C8FBFBDF}.Debug|x64.ActiveCfg = Debug|Any CPU
		{B2E99E74-5562-4462-A707-2815C8FBFBDF}.Debug|x64.Build.0 = Debug|Any CPU
		{B2E99E74-5562-4462-A707-2815C8FBFBDF}.Debug|x86.ActiveCfg = Debug|Any CPU
		{B2E99E74-5562-4462-A707-2815C8FBFBDF}.Debug|x86.Build.0 = Debug|Any CPU
		{B2E99E74-5562-4462-A707-2815C8FBFBDF}.Release|Any CPU.ActiveCfg = Release|Any CPU
		{B2E99E74-5562-4462-A707-2815C8FBFBDF}.Release|Any CPU.Build.0 = Release|Any CPU
		{B2E99E74-5562-4462-A707-2815C8FBFBDF}.Release|x64.ActiveCfg = Release|Any CPU
		{B2E99E74-5562-4462-A707-2815C8FBFBDF}.Release|x64.Build.0 = Release|Any CPU
		{B2E99E74-5562-4462-A707-2815C8FBFBDF}.Release|x86.ActiveCfg = Release|Any CPU
		{B2E99E74-5562-4462-A707-2815C8FBFBDF}.Release|x86.Build.0 = Release|Any CPU
		{E1150768-4383-4752-9492-D155729C0B4E}.Debug|Any CPU.ActiveCfg = Debug|Any CPU
		{E1150768-4383-4752-9492-D155729C0B4E}.Debug|Any CPU.Build.0 = Debug|Any CPU
		{E1150768-4383-4752-9492-D155729C0B4E}.Debug|x64.ActiveCfg = Debug|Any CPU
		{E1150768-4383-4752-9492-D155729C0B4E}.Debug|x64.Build.0 = Debug|Any CPU
		{E1150768-4383-4752-9492-D155729C0B4E}.Debug|x86.ActiveCfg = Debug|Any CPU
		{E1150768-4383-4752-9492-D155729C0B4E}.Debug|x86.Build.0 = Debug|Any CPU
		{E1150768-4383-4752-9492-D155729C0B4E}.Release|Any CPU.ActiveCfg = Release|Any CPU
		{E1150768-4383-4752-9492-D155729C0B4E}.Release|Any CPU.Build.0 = Release|Any CPU
		{E1150768-4383-4752-9492-D155729C0B4E}.Release|x64.ActiveCfg = Release|Any CPU
		{E1150768-4383-4752-9492-D155729C0B4E}.Release|x64.Build.0 = Release|Any CPU
		{E1150768-4383-4752-9492-D155729C0B4E}.Release|x86.ActiveCfg = Release|Any CPU
		{E1150768-4383-4752-9492-D155729C0B4E}.Release|x86.Build.0 = Release|Any CPU
		{263A541B-E3CB-4474-96FC-678254CCB48B}.Debug|Any CPU.ActiveCfg = Debug|Any CPU
		{263A541B-E3CB-4474-96FC-678254CCB48B}.Debug|Any CPU.Build.0 = Debug|Any CPU
		{263A541B-E3CB-4474-96FC-678254CCB48B}.Debug|x64.ActiveCfg = Debug|Any CPU
		{263A541B-E3CB-4474-96FC-678254CCB48B}.Debug|x64.Build.0 = Debug|Any CPU
		{263A541B-E3CB-4474-96FC-678254CCB48B}.Debug|x86.ActiveCfg = Debug|Any CPU
		{263A541B-E3CB-4474-96FC-678254CCB48B}.Debug|x86.Build.0 = Debug|Any CPU
		{263A541B-E3CB-4474-96FC-678254CCB48B}.Release|Any CPU.ActiveCfg = Release|Any CPU
		{263A541B-E3CB-4474-96FC-678254CCB48B}.Release|Any CPU.Build.0 = Release|Any CPU
		{263A541B-E3CB-4474-96FC-678254CCB48B}.Release|x64.ActiveCfg = Release|Any CPU
		{263A541B-E3CB-4474-96FC-678254CCB48B}.Release|x64.Build.0 = Release|Any CPU
		{263A541B-E3CB-4474-96FC-678254CCB48B}.Release|x86.ActiveCfg = Release|Any CPU
		{263A541B-E3CB-4474-96FC-678254CCB48B}.Release|x86.Build.0 = Release|Any CPU
		{D2A99A66-1434-4BCA-B9E7-468FE06B2B91}.Debug|Any CPU.ActiveCfg = Debug|Any CPU
		{D2A99A66-1434-4BCA-B9E7-468FE06B2B91}.Debug|Any CPU.Build.0 = Debug|Any CPU
		{D2A99A66-1434-4BCA-B9E7-468FE06B2B91}.Debug|x64.ActiveCfg = Debug|Any CPU
		{D2A99A66-1434-4BCA-B9E7-468FE06B2B91}.Debug|x64.Build.0 = Debug|Any CPU
		{D2A99A66-1434-4BCA-B9E7-468FE06B2B91}.Debug|x86.ActiveCfg = Debug|Any CPU
		{D2A99A66-1434-4BCA-B9E7-468FE06B2B91}.Debug|x86.Build.0 = Debug|Any CPU
		{D2A99A66-1434-4BCA-B9E7-468FE06B2B91}.Release|Any CPU.ActiveCfg = Release|Any CPU
		{D2A99A66-1434-4BCA-B9E7-468FE06B2B91}.Release|Any CPU.Build.0 = Release|Any CPU
		{D2A99A66-1434-4BCA-B9E7-468FE06B2B91}.Release|x64.ActiveCfg = Release|Any CPU
		{D2A99A66-1434-4BCA-B9E7-468FE06B2B91}.Release|x64.Build.0 = Release|Any CPU
		{D2A99A66-1434-4BCA-B9E7-468FE06B2B91}.Release|x86.ActiveCfg = Release|Any CPU
		{D2A99A66-1434-4BCA-B9E7-468FE06B2B91}.Release|x86.Build.0 = Release|Any CPU
		{FEC8576D-7D43-4BBC-AED0-1C86DF6C6346}.Debug|Any CPU.ActiveCfg = Debug|Any CPU
		{FEC8576D-7D43-4BBC-AED0-1C86DF6C6346}.Debug|Any CPU.Build.0 = Debug|Any CPU
		{FEC8576D-7D43-4BBC-AED0-1C86DF6C6346}.Debug|x64.ActiveCfg = Debug|Any CPU
		{FEC8576D-7D43-4BBC-AED0-1C86DF6C6346}.Debug|x64.Build.0 = Debug|Any CPU
		{FEC8576D-7D43-4BBC-AED0-1C86DF6C6346}.Debug|x86.ActiveCfg = Debug|Any CPU
		{FEC8576D-7D43-4BBC-AED0-1C86DF6C6346}.Debug|x86.Build.0 = Debug|Any CPU
		{FEC8576D-7D43-4BBC-AED0-1C86DF6C6346}.Release|Any CPU.ActiveCfg = Release|Any CPU
		{FEC8576D-7D43-4BBC-AED0-1C86DF6C6346}.Release|Any CPU.Build.0 = Release|Any CPU
		{FEC8576D-7D43-4BBC-AED0-1C86DF6C6346}.Release|x64.ActiveCfg = Release|Any CPU
		{FEC8576D-7D43-4BBC-AED0-1C86DF6C6346}.Release|x64.Build.0 = Release|Any CPU
		{FEC8576D-7D43-4BBC-AED0-1C86DF6C6346}.Release|x86.ActiveCfg = Release|Any CPU
		{FEC8576D-7D43-4BBC-AED0-1C86DF6C6346}.Release|x86.Build.0 = Release|Any CPU
		{D7C85EA7-429B-4F7C-94C1-56BEC351947A}.Debug|Any CPU.ActiveCfg = Debug|Any CPU
		{D7C85EA7-429B-4F7C-94C1-56BEC351947A}.Debug|Any CPU.Build.0 = Debug|Any CPU
		{D7C85EA7-429B-4F7C-94C1-56BEC351947A}.Debug|x64.ActiveCfg = Debug|Any CPU
		{D7C85EA7-429B-4F7C-94C1-56BEC351947A}.Debug|x64.Build.0 = Debug|Any CPU
		{D7C85EA7-429B-4F7C-94C1-56BEC351947A}.Debug|x86.ActiveCfg = Debug|Any CPU
		{D7C85EA7-429B-4F7C-94C1-56BEC351947A}.Debug|x86.Build.0 = Debug|Any CPU
		{D7C85EA7-429B-4F7C-94C1-56BEC351947A}.Release|Any CPU.ActiveCfg = Release|Any CPU
		{D7C85EA7-429B-4F7C-94C1-56BEC351947A}.Release|Any CPU.Build.0 = Release|Any CPU
		{D7C85EA7-429B-4F7C-94C1-56BEC351947A}.Release|x64.ActiveCfg = Release|Any CPU
		{D7C85EA7-429B-4F7C-94C1-56BEC351947A}.Release|x64.Build.0 = Release|Any CPU
		{D7C85EA7-429B-4F7C-94C1-56BEC351947A}.Release|x86.ActiveCfg = Release|Any CPU
		{D7C85EA7-429B-4F7C-94C1-56BEC351947A}.Release|x86.Build.0 = Release|Any CPU
		{18C4D3AA-A860-493C-B28D-9248E1597AB2}.Debug|Any CPU.ActiveCfg = Debug|Any CPU
		{18C4D3AA-A860-493C-B28D-9248E1597AB2}.Debug|Any CPU.Build.0 = Debug|Any CPU
		{18C4D3AA-A860-493C-B28D-9248E1597AB2}.Debug|x64.ActiveCfg = Debug|Any CPU
		{18C4D3AA-A860-493C-B28D-9248E1597AB2}.Debug|x64.Build.0 = Debug|Any CPU
		{18C4D3AA-A860-493C-B28D-9248E1597AB2}.Debug|x86.ActiveCfg = Debug|Any CPU
		{18C4D3AA-A860-493C-B28D-9248E1597AB2}.Debug|x86.Build.0 = Debug|Any CPU
		{18C4D3AA-A860-493C-B28D-9248E1597AB2}.Release|Any CPU.ActiveCfg = Release|Any CPU
		{18C4D3AA-A860-493C-B28D-9248E1597AB2}.Release|Any CPU.Build.0 = Release|Any CPU
		{18C4D3AA-A860-493C-B28D-9248E1597AB2}.Release|x64.ActiveCfg = Release|Any CPU
		{18C4D3AA-A860-493C-B28D-9248E1597AB2}.Release|x64.Build.0 = Release|Any CPU
		{18C4D3AA-A860-493C-B28D-9248E1597AB2}.Release|x86.ActiveCfg = Release|Any CPU
		{18C4D3AA-A860-493C-B28D-9248E1597AB2}.Release|x86.Build.0 = Release|Any CPU
		{AE3A6296-9971-4E03-B7B7-EB91789CC352}.Debug|Any CPU.ActiveCfg = Debug|Any CPU
		{AE3A6296-9971-4E03-B7B7-EB91789CC352}.Debug|Any CPU.Build.0 = Debug|Any CPU
		{AE3A6296-9971-4E03-B7B7-EB91789CC352}.Debug|x64.ActiveCfg = Debug|Any CPU
		{AE3A6296-9971-4E03-B7B7-EB91789CC352}.Debug|x64.Build.0 = Debug|Any CPU
		{AE3A6296-9971-4E03-B7B7-EB91789CC352}.Debug|x86.ActiveCfg = Debug|Any CPU
		{AE3A6296-9971-4E03-B7B7-EB91789CC352}.Debug|x86.Build.0 = Debug|Any CPU
		{AE3A6296-9971-4E03-B7B7-EB91789CC352}.Release|Any CPU.ActiveCfg = Release|Any CPU
		{AE3A6296-9971-4E03-B7B7-EB91789CC352}.Release|Any CPU.Build.0 = Release|Any CPU
		{AE3A6296-9971-4E03-B7B7-EB91789CC352}.Release|x64.ActiveCfg = Release|Any CPU
		{AE3A6296-9971-4E03-B7B7-EB91789CC352}.Release|x64.Build.0 = Release|Any CPU
		{AE3A6296-9971-4E03-B7B7-EB91789CC352}.Release|x86.ActiveCfg = Release|Any CPU
		{AE3A6296-9971-4E03-B7B7-EB91789CC352}.Release|x86.Build.0 = Release|Any CPU
		{49B2D540-C3A3-4688-9048-DD3DC83DC9C5}.Debug|Any CPU.ActiveCfg = Debug|Any CPU
		{49B2D540-C3A3-4688-9048-DD3DC83DC9C5}.Debug|Any CPU.Build.0 = Debug|Any CPU
		{49B2D540-C3A3-4688-9048-DD3DC83DC9C5}.Debug|x64.ActiveCfg = Debug|Any CPU
		{49B2D540-C3A3-4688-9048-DD3DC83DC9C5}.Debug|x64.Build.0 = Debug|Any CPU
		{49B2D540-C3A3-4688-9048-DD3DC83DC9C5}.Debug|x86.ActiveCfg = Debug|Any CPU
		{49B2D540-C3A3-4688-9048-DD3DC83DC9C5}.Debug|x86.Build.0 = Debug|Any CPU
		{49B2D540-C3A3-4688-9048-DD3DC83DC9C5}.Release|Any CPU.ActiveCfg = Release|Any CPU
		{49B2D540-C3A3-4688-9048-DD3DC83DC9C5}.Release|Any CPU.Build.0 = Release|Any CPU
		{49B2D540-C3A3-4688-9048-DD3DC83DC9C5}.Release|x64.ActiveCfg = Release|Any CPU
		{49B2D540-C3A3-4688-9048-DD3DC83DC9C5}.Release|x64.Build.0 = Release|Any CPU
		{49B2D540-C3A3-4688-9048-DD3DC83DC9C5}.Release|x86.ActiveCfg = Release|Any CPU
		{49B2D540-C3A3-4688-9048-DD3DC83DC9C5}.Release|x86.Build.0 = Release|Any CPU
		{3F12EFE8-9503-4CA0-AEA6-373CD1FDC119}.Debug|Any CPU.ActiveCfg = Debug|Any CPU
		{3F12EFE8-9503-4CA0-AEA6-373CD1FDC119}.Debug|Any CPU.Build.0 = Debug|Any CPU
		{3F12EFE8-9503-4CA0-AEA6-373CD1FDC119}.Debug|x64.ActiveCfg = Debug|Any CPU
		{3F12EFE8-9503-4CA0-AEA6-373CD1FDC119}.Debug|x64.Build.0 = Debug|Any CPU
		{3F12EFE8-9503-4CA0-AEA6-373CD1FDC119}.Debug|x86.ActiveCfg = Debug|Any CPU
		{3F12EFE8-9503-4CA0-AEA6-373CD1FDC119}.Debug|x86.Build.0 = Debug|Any CPU
		{3F12EFE8-9503-4CA0-AEA6-373CD1FDC119}.Release|Any CPU.ActiveCfg = Release|Any CPU
		{3F12EFE8-9503-4CA0-AEA6-373CD1FDC119}.Release|Any CPU.Build.0 = Release|Any CPU
		{3F12EFE8-9503-4CA0-AEA6-373CD1FDC119}.Release|x64.ActiveCfg = Release|Any CPU
		{3F12EFE8-9503-4CA0-AEA6-373CD1FDC119}.Release|x64.Build.0 = Release|Any CPU
		{3F12EFE8-9503-4CA0-AEA6-373CD1FDC119}.Release|x86.ActiveCfg = Release|Any CPU
		{3F12EFE8-9503-4CA0-AEA6-373CD1FDC119}.Release|x86.Build.0 = Release|Any CPU
		{7C9E75A7-BAB2-45F5-A528-DD9669704D42}.Debug|Any CPU.ActiveCfg = Debug|Any CPU
		{7C9E75A7-BAB2-45F5-A528-DD9669704D42}.Debug|Any CPU.Build.0 = Debug|Any CPU
		{7C9E75A7-BAB2-45F5-A528-DD9669704D42}.Debug|x64.ActiveCfg = Debug|Any CPU
		{7C9E75A7-BAB2-45F5-A528-DD9669704D42}.Debug|x64.Build.0 = Debug|Any CPU
		{7C9E75A7-BAB2-45F5-A528-DD9669704D42}.Debug|x86.ActiveCfg = Debug|Any CPU
		{7C9E75A7-BAB2-45F5-A528-DD9669704D42}.Debug|x86.Build.0 = Debug|Any CPU
		{7C9E75A7-BAB2-45F5-A528-DD9669704D42}.Release|Any CPU.ActiveCfg = Release|Any CPU
		{7C9E75A7-BAB2-45F5-A528-DD9669704D42}.Release|Any CPU.Build.0 = Release|Any CPU
		{7C9E75A7-BAB2-45F5-A528-DD9669704D42}.Release|x64.ActiveCfg = Release|Any CPU
		{7C9E75A7-BAB2-45F5-A528-DD9669704D42}.Release|x64.Build.0 = Release|Any CPU
		{7C9E75A7-BAB2-45F5-A528-DD9669704D42}.Release|x86.ActiveCfg = Release|Any CPU
		{7C9E75A7-BAB2-45F5-A528-DD9669704D42}.Release|x86.Build.0 = Release|Any CPU
		{910763C2-7E1D-47E2-A470-B8768CCD854F}.Debug|Any CPU.ActiveCfg = Debug|Any CPU
		{910763C2-7E1D-47E2-A470-B8768CCD854F}.Debug|Any CPU.Build.0 = Debug|Any CPU
		{910763C2-7E1D-47E2-A470-B8768CCD854F}.Debug|x64.ActiveCfg = Debug|Any CPU
		{910763C2-7E1D-47E2-A470-B8768CCD854F}.Debug|x64.Build.0 = Debug|Any CPU
		{910763C2-7E1D-47E2-A470-B8768CCD854F}.Debug|x86.ActiveCfg = Debug|Any CPU
		{910763C2-7E1D-47E2-A470-B8768CCD854F}.Debug|x86.Build.0 = Debug|Any CPU
		{910763C2-7E1D-47E2-A470-B8768CCD854F}.Release|Any CPU.ActiveCfg = Release|Any CPU
		{910763C2-7E1D-47E2-A470-B8768CCD854F}.Release|Any CPU.Build.0 = Release|Any CPU
		{910763C2-7E1D-47E2-A470-B8768CCD854F}.Release|x64.ActiveCfg = Release|Any CPU
		{910763C2-7E1D-47E2-A470-B8768CCD854F}.Release|x64.Build.0 = Release|Any CPU
		{910763C2-7E1D-47E2-A470-B8768CCD854F}.Release|x86.ActiveCfg = Release|Any CPU
		{910763C2-7E1D-47E2-A470-B8768CCD854F}.Release|x86.Build.0 = Release|Any CPU
		{47BE86F0-DCB0-4271-A4AD-C0885E9E65D3}.Debug|Any CPU.ActiveCfg = Debug|Any CPU
		{47BE86F0-DCB0-4271-A4AD-C0885E9E65D3}.Debug|Any CPU.Build.0 = Debug|Any CPU
		{47BE86F0-DCB0-4271-A4AD-C0885E9E65D3}.Debug|x64.ActiveCfg = Debug|Any CPU
		{47BE86F0-DCB0-4271-A4AD-C0885E9E65D3}.Debug|x64.Build.0 = Debug|Any CPU
		{47BE86F0-DCB0-4271-A4AD-C0885E9E65D3}.Debug|x86.ActiveCfg = Debug|Any CPU
		{47BE86F0-DCB0-4271-A4AD-C0885E9E65D3}.Debug|x86.Build.0 = Debug|Any CPU
		{47BE86F0-DCB0-4271-A4AD-C0885E9E65D3}.Release|Any CPU.ActiveCfg = Release|Any CPU
		{47BE86F0-DCB0-4271-A4AD-C0885E9E65D3}.Release|Any CPU.Build.0 = Release|Any CPU
		{47BE86F0-DCB0-4271-A4AD-C0885E9E65D3}.Release|x64.ActiveCfg = Release|Any CPU
		{47BE86F0-DCB0-4271-A4AD-C0885E9E65D3}.Release|x64.Build.0 = Release|Any CPU
		{47BE86F0-DCB0-4271-A4AD-C0885E9E65D3}.Release|x86.ActiveCfg = Release|Any CPU
		{47BE86F0-DCB0-4271-A4AD-C0885E9E65D3}.Release|x86.Build.0 = Release|Any CPU
		{43D5B4CD-E61B-4FA1-AEB1-6417D68FE755}.Debug|Any CPU.ActiveCfg = Debug|Any CPU
		{43D5B4CD-E61B-4FA1-AEB1-6417D68FE755}.Debug|Any CPU.Build.0 = Debug|Any CPU
		{43D5B4CD-E61B-4FA1-AEB1-6417D68FE755}.Debug|x64.ActiveCfg = Debug|Any CPU
		{43D5B4CD-E61B-4FA1-AEB1-6417D68FE755}.Debug|x64.Build.0 = Debug|Any CPU
		{43D5B4CD-E61B-4FA1-AEB1-6417D68FE755}.Debug|x86.ActiveCfg = Debug|Any CPU
		{43D5B4CD-E61B-4FA1-AEB1-6417D68FE755}.Debug|x86.Build.0 = Debug|Any CPU
		{43D5B4CD-E61B-4FA1-AEB1-6417D68FE755}.Release|Any CPU.ActiveCfg = Release|Any CPU
		{43D5B4CD-E61B-4FA1-AEB1-6417D68FE755}.Release|Any CPU.Build.0 = Release|Any CPU
		{43D5B4CD-E61B-4FA1-AEB1-6417D68FE755}.Release|x64.ActiveCfg = Release|Any CPU
		{43D5B4CD-E61B-4FA1-AEB1-6417D68FE755}.Release|x64.Build.0 = Release|Any CPU
		{43D5B4CD-E61B-4FA1-AEB1-6417D68FE755}.Release|x86.ActiveCfg = Release|Any CPU
		{43D5B4CD-E61B-4FA1-AEB1-6417D68FE755}.Release|x86.Build.0 = Release|Any CPU
		{6B699096-98A4-4B7D-BFBE-21BB862E314F}.Debug|Any CPU.ActiveCfg = Debug|Any CPU
		{6B699096-98A4-4B7D-BFBE-21BB862E314F}.Debug|Any CPU.Build.0 = Debug|Any CPU
		{6B699096-98A4-4B7D-BFBE-21BB862E314F}.Debug|x64.ActiveCfg = Debug|Any CPU
		{6B699096-98A4-4B7D-BFBE-21BB862E314F}.Debug|x64.Build.0 = Debug|Any CPU
		{6B699096-98A4-4B7D-BFBE-21BB862E314F}.Debug|x86.ActiveCfg = Debug|Any CPU
		{6B699096-98A4-4B7D-BFBE-21BB862E314F}.Debug|x86.Build.0 = Debug|Any CPU
		{6B699096-98A4-4B7D-BFBE-21BB862E314F}.Release|Any CPU.ActiveCfg = Release|Any CPU
		{6B699096-98A4-4B7D-BFBE-21BB862E314F}.Release|Any CPU.Build.0 = Release|Any CPU
		{6B699096-98A4-4B7D-BFBE-21BB862E314F}.Release|x64.ActiveCfg = Release|Any CPU
		{6B699096-98A4-4B7D-BFBE-21BB862E314F}.Release|x64.Build.0 = Release|Any CPU
		{6B699096-98A4-4B7D-BFBE-21BB862E314F}.Release|x86.ActiveCfg = Release|Any CPU
		{6B699096-98A4-4B7D-BFBE-21BB862E314F}.Release|x86.Build.0 = Release|Any CPU
		{40B8F56B-E196-4E1A-A7FA-440A7A6561DC}.Debug|Any CPU.ActiveCfg = Debug|Any CPU
		{40B8F56B-E196-4E1A-A7FA-440A7A6561DC}.Debug|Any CPU.Build.0 = Debug|Any CPU
		{40B8F56B-E196-4E1A-A7FA-440A7A6561DC}.Debug|x64.ActiveCfg = Debug|Any CPU
		{40B8F56B-E196-4E1A-A7FA-440A7A6561DC}.Debug|x64.Build.0 = Debug|Any CPU
		{40B8F56B-E196-4E1A-A7FA-440A7A6561DC}.Debug|x86.ActiveCfg = Debug|Any CPU
		{40B8F56B-E196-4E1A-A7FA-440A7A6561DC}.Debug|x86.Build.0 = Debug|Any CPU
		{40B8F56B-E196-4E1A-A7FA-440A7A6561DC}.Release|Any CPU.ActiveCfg = Release|Any CPU
		{40B8F56B-E196-4E1A-A7FA-440A7A6561DC}.Release|Any CPU.Build.0 = Release|Any CPU
		{40B8F56B-E196-4E1A-A7FA-440A7A6561DC}.Release|x64.ActiveCfg = Release|Any CPU
		{40B8F56B-E196-4E1A-A7FA-440A7A6561DC}.Release|x64.Build.0 = Release|Any CPU
		{40B8F56B-E196-4E1A-A7FA-440A7A6561DC}.Release|x86.ActiveCfg = Release|Any CPU
		{40B8F56B-E196-4E1A-A7FA-440A7A6561DC}.Release|x86.Build.0 = Release|Any CPU
		{3AE3E3A5-767F-43FF-8D5F-226192FD7074}.Debug|Any CPU.ActiveCfg = Debug|Any CPU
		{3AE3E3A5-767F-43FF-8D5F-226192FD7074}.Debug|Any CPU.Build.0 = Debug|Any CPU
		{3AE3E3A5-767F-43FF-8D5F-226192FD7074}.Debug|x64.ActiveCfg = Debug|Any CPU
		{3AE3E3A5-767F-43FF-8D5F-226192FD7074}.Debug|x64.Build.0 = Debug|Any CPU
		{3AE3E3A5-767F-43FF-8D5F-226192FD7074}.Debug|x86.ActiveCfg = Debug|Any CPU
		{3AE3E3A5-767F-43FF-8D5F-226192FD7074}.Debug|x86.Build.0 = Debug|Any CPU
		{3AE3E3A5-767F-43FF-8D5F-226192FD7074}.Release|Any CPU.ActiveCfg = Release|Any CPU
		{3AE3E3A5-767F-43FF-8D5F-226192FD7074}.Release|Any CPU.Build.0 = Release|Any CPU
		{3AE3E3A5-767F-43FF-8D5F-226192FD7074}.Release|x64.ActiveCfg = Release|Any CPU
		{3AE3E3A5-767F-43FF-8D5F-226192FD7074}.Release|x64.Build.0 = Release|Any CPU
		{3AE3E3A5-767F-43FF-8D5F-226192FD7074}.Release|x86.ActiveCfg = Release|Any CPU
		{3AE3E3A5-767F-43FF-8D5F-226192FD7074}.Release|x86.Build.0 = Release|Any CPU
		{85CAAF03-1254-4756-81B5-B836AF7784BD}.Debug|Any CPU.ActiveCfg = Debug|Any CPU
		{85CAAF03-1254-4756-81B5-B836AF7784BD}.Debug|Any CPU.Build.0 = Debug|Any CPU
		{85CAAF03-1254-4756-81B5-B836AF7784BD}.Debug|x64.ActiveCfg = Debug|Any CPU
		{85CAAF03-1254-4756-81B5-B836AF7784BD}.Debug|x64.Build.0 = Debug|Any CPU
		{85CAAF03-1254-4756-81B5-B836AF7784BD}.Debug|x86.ActiveCfg = Debug|Any CPU
		{85CAAF03-1254-4756-81B5-B836AF7784BD}.Debug|x86.Build.0 = Debug|Any CPU
		{85CAAF03-1254-4756-81B5-B836AF7784BD}.Release|Any CPU.ActiveCfg = Release|Any CPU
		{85CAAF03-1254-4756-81B5-B836AF7784BD}.Release|Any CPU.Build.0 = Release|Any CPU
		{85CAAF03-1254-4756-81B5-B836AF7784BD}.Release|x64.ActiveCfg = Release|Any CPU
		{85CAAF03-1254-4756-81B5-B836AF7784BD}.Release|x64.Build.0 = Release|Any CPU
		{85CAAF03-1254-4756-81B5-B836AF7784BD}.Release|x86.ActiveCfg = Release|Any CPU
		{85CAAF03-1254-4756-81B5-B836AF7784BD}.Release|x86.Build.0 = Release|Any CPU
	EndGlobalSection
	GlobalSection(SolutionProperties) = preSolution
		HideSolutionNode = FALSE
	EndGlobalSection
	GlobalSection(NestedProjects) = preSolution
		{C8E42992-5E42-0C2B-DBFE-AA848D06431C} = {827E0CD3-B72D-47B6-A68D-7590B98EB39B}
		{CDDE189D-C4F6-4E33-92F0-299FC9E6683A} = {C8E42992-5E42-0C2B-DBFE-AA848D06431C}
		{B2E99E74-5562-4462-A707-2815C8FBFBDF} = {C8E42992-5E42-0C2B-DBFE-AA848D06431C}
		{E1150768-4383-4752-9492-D155729C0B4E} = {C8E42992-5E42-0C2B-DBFE-AA848D06431C}
		{263A541B-E3CB-4474-96FC-678254CCB48B} = {A580ECCE-F5E4-4FCE-8744-0382C70357CB}
		{D2A99A66-1434-4BCA-B9E7-468FE06B2B91} = {A580ECCE-F5E4-4FCE-8744-0382C70357CB}
		{FEC8576D-7D43-4BBC-AED0-1C86DF6C6346} = {A580ECCE-F5E4-4FCE-8744-0382C70357CB}
		{D7C85EA7-429B-4F7C-94C1-56BEC351947A} = {A580ECCE-F5E4-4FCE-8744-0382C70357CB}
		{18C4D3AA-A860-493C-B28D-9248E1597AB2} = {AD538FCF-8989-4BD1-AA76-866EF03F2615}
		{AE3A6296-9971-4E03-B7B7-EB91789CC352} = {AD538FCF-8989-4BD1-AA76-866EF03F2615}
		{49B2D540-C3A3-4688-9048-DD3DC83DC9C5} = {AD538FCF-8989-4BD1-AA76-866EF03F2615}
		{3F12EFE8-9503-4CA0-AEA6-373CD1FDC119} = {AD538FCF-8989-4BD1-AA76-866EF03F2615}
		{7C9E75A7-BAB2-45F5-A528-DD9669704D42} = {308EB2B4-2473-41AE-B24A-6F526247093D}
		{910763C2-7E1D-47E2-A470-B8768CCD854F} = {308EB2B4-2473-41AE-B24A-6F526247093D}
		{47BE86F0-DCB0-4271-A4AD-C0885E9E65D3} = {308EB2B4-2473-41AE-B24A-6F526247093D}
		{43D5B4CD-E61B-4FA1-AEB1-6417D68FE755} = {308EB2B4-2473-41AE-B24A-6F526247093D}
		{6B699096-98A4-4B7D-BFBE-21BB862E314F} = {C8E42992-5E42-0C2B-DBFE-AA848D06431C}
		{40B8F56B-E196-4E1A-A7FA-440A7A6561DC} = {0AB3BF05-4346-4AA6-1389-037BE0695223}
		{3AE3E3A5-767F-43FF-8D5F-226192FD7074} = {0AB3BF05-4346-4AA6-1389-037BE0695223}
		{AD538FCF-8989-4BD1-AA76-866EF03F2615} = {984BB9B3-3FA3-BE33-9484-CAC21695A33C}
		{308EB2B4-2473-41AE-B24A-6F526247093D} = {984BB9B3-3FA3-BE33-9484-CAC21695A33C}
		{A580ECCE-F5E4-4FCE-8744-0382C70357CB} = {984BB9B3-3FA3-BE33-9484-CAC21695A33C}
		{85CAAF03-1254-4756-81B5-B836AF7784BD} = {0AB3BF05-4346-4AA6-1389-037BE0695223}
		{984BB9B3-3FA3-BE33-9484-CAC21695A33C} = {827E0CD3-B72D-47B6-A68D-7590B98EB39B}
	EndGlobalSection
	GlobalSection(ExtensibilityGlobals) = postSolution
		SolutionGuid = {4AD4F0DA-3DC5-48EC-9ADB-25DB94D15FFE}
	EndGlobalSection
EndGlobal
